
Microsoft Visual Studio Solution File, Format Version 12.00
# Visual Studio Version 16
VisualStudioVersion = 16.0.30011.22
MinimumVisualStudioVersion = 10.0.40219.1
Project("{9A19103F-16F7-4668-BE54-9A1E7A4F7556}") = "Algorithms", "Algorithm\Algorithms.csproj", "{C99C0621-3FFE-4BDA-B753-05B55486F84A}"
EndProject
Project("{9A19103F-16F7-4668-BE54-9A1E7A4F7556}") = "DataSturctures", "DataStructure\DataSturctures.csproj", "{FE65DD84-6608-41CC-A6BA-1A9EE9E1C5CC}"
EndProject
Project("{9A19103F-16F7-4668-BE54-9A1E7A4F7556}") = "XUnitTestProject", "XUnitTestProject\XUnitTestProject.csproj", "{1B924D43-D490-4475-87B7-4B248CE7FE40}"
EndProject
Global
	GlobalSection(SolutionConfigurationPlatforms) = preSolution
		Debug|Any CPU = Debug|Any CPU
		Release|Any CPU = Release|Any CPU
	EndGlobalSection
	GlobalSection(ProjectConfigurationPlatforms) = postSolution
		{C99C0621-3FFE-4BDA-B753-05B55486F84A}.Debug|Any CPU.ActiveCfg = Debug|Any CPU
		{C99C0621-3FFE-4BDA-B753-05B55486F84A}.Debug|Any CPU.Build.0 = Debug|Any CPU
		{C99C0621-3FFE-4BDA-B753-05B55486F84A}.Release|Any CPU.ActiveCfg = Release|Any CPU
		{C99C0621-3FFE-4BDA-B753-05B55486F84A}.Release|Any CPU.Build.0 = Release|Any CPU
		{FE65DD84-6608-41CC-A6BA-1A9EE9E1C5CC}.Debug|Any CPU.ActiveCfg = Debug|Any CPU
		{FE65DD84-6608-41CC-A6BA-1A9EE9E1C5CC}.Debug|Any CPU.Build.0 = Debug|Any CPU
		{FE65DD84-6608-41CC-A6BA-1A9EE9E1C5CC}.Release|Any CPU.ActiveCfg = Release|Any CPU
		{FE65DD84-6608-41CC-A6BA-1A9EE9E1C5CC}.Release|Any CPU.Build.0 = Release|Any CPU
		{1B924D43-D490-4475-87B7-4B248CE7FE40}.Debug|Any CPU.ActiveCfg = Debug|Any CPU
		{1B924D43-D490-4475-87B7-4B248CE7FE40}.Debug|Any CPU.Build.0 = Debug|Any CPU
		{1B924D43-D490-4475-87B7-4B248CE7FE40}.Release|Any CPU.ActiveCfg = Release|Any CPU
		{1B924D43-D490-4475-87B7-4B248CE7FE40}.Release|Any CPU.Build.0 = Release|Any CPU
	EndGlobalSection
	GlobalSection(SolutionProperties) = preSolution
		HideSolutionNode = FALSE
	EndGlobalSection
	GlobalSection(ExtensibilityGlobals) = postSolution
		SolutionGuid = {B3795556-5897-4EAC-9569-47563B6610E7}
	EndGlobalSection
EndGlobal
