
Microsoft Visual Studio Solution File, Format Version 12.00
# Visual Studio Version 16
VisualStudioVersion = 16.0.30011.22
MinimumVisualStudioVersion = 10.0.40219.1
Project("{FAE04EC0-301F-11D3-BF4B-00C04F79EFBC}") = "CSharp-Algorithm", "CSharp-Algorithm.csproj", "{FD5CE1E7-30EE-40CA-84F2-907F17C96F8A}"
EndProject
Global
	GlobalSection(SolutionConfigurationPlatforms) = preSolution
		Debug|Any CPU = Debug|Any CPU
		Release|Any CPU = Release|Any CPU
	EndGlobalSection
	GlobalSection(ProjectConfigurationPlatforms) = postSolution
		{FD5CE1E7-30EE-40CA-84F2-907F17C96F8A}.Debug|Any CPU.ActiveCfg = Debug|Any CPU
		{FD5CE1E7-30EE-40CA-84F2-907F17C96F8A}.Debug|Any CPU.Build.0 = Debug|Any CPU
		{FD5CE1E7-30EE-40CA-84F2-907F17C96F8A}.Release|Any CPU.ActiveCfg = Release|Any CPU
		{FD5CE1E7-30EE-40CA-84F2-907F17C96F8A}.Release|Any CPU.Build.0 = Release|Any CPU
	EndGlobalSection
	GlobalSection(SolutionProperties) = preSolution
		HideSolutionNode = FALSE
	EndGlobalSection
	GlobalSection(ExtensibilityGlobals) = postSolution
		SolutionGuid = {7C20A87B-CCA4-4DD4-B48E-8F8AD993497F}
	EndGlobalSection
EndGlobal
